
Microsoft Visual Studio Solution File, Format Version 12.00
# Visual Studio Version 16
VisualStudioVersion = 16.0.29911.84
MinimumVisualStudioVersion = 10.0.40219.1
Project("{888888A0-9F3D-457C-B088-3A5042F75D52}") = "labb2streaming", "labb2streaming\labb2streaming.pyproj", "{7715EB7F-0368-407F-8E28-C219E23B7F9A}"
EndProject
Global
	GlobalSection(SolutionConfigurationPlatforms) = preSolution
		Debug|Any CPU = Debug|Any CPU
		Release|Any CPU = Release|Any CPU
	EndGlobalSection
	GlobalSection(ProjectConfigurationPlatforms) = postSolution
		{7715EB7F-0368-407F-8E28-C219E23B7F9A}.Debug|Any CPU.ActiveCfg = Debug|Any CPU
		{7715EB7F-0368-407F-8E28-C219E23B7F9A}.Release|Any CPU.ActiveCfg = Release|Any CPU
	EndGlobalSection
	GlobalSection(SolutionProperties) = preSolution
		HideSolutionNode = FALSE
	EndGlobalSection
	GlobalSection(ExtensibilityGlobals) = postSolution
		SolutionGuid = {68DC4CA7-1E2D-4A64-912F-356B3474D845}
	EndGlobalSection
EndGlobal
